PODS:
  - Alamofire (4.7.2)
  - AlamofireImage (3.3.1):
    - Alamofire (~> 4.5)
  - QiscusRTC (0.1.8):
    - Alamofire
    - AlamofireImage
    - Starscream
    - SwiftyJSON
    - WebRTC (= 63.11.20455)
  - Starscream (3.0.5)
  - SwiftyJSON (4.1.0)
  - WebRTC (63.11.20455)

DEPENDENCIES:
  - QiscusRTC (= 0.1.8)

SPEC CHECKSUMS:
  Alamofire: e4fa87002c137ba2d8d634d2c51fabcda0d5c223
  AlamofireImage: 3b35b586853abaf94ca1250f4e94cff3c21a4c0d
  QiscusRTC: 0a5e8db52e09822785df5b3f03e8ec5e58c8dbac
  Starscream: faf918b2f2eff7d5dd21180646bf015a669673bd
  SwiftyJSON: c29297daf073d2aa016295d5809cdd68045c39b3
  WebRTC: f2a6203584745fe53532633397557876b5d71640

PODFILE CHECKSUM: f3a881ca307f471db4fdca8958ffc7d11e9112fe

COCOAPODS: 1.4.0
